
Microsoft Visual Studio Solution File, Format Version 12.00
# Visual Studio Version 17
VisualStudioVersion = 17.7.34031.279
MinimumVisualStudioVersion = 10.0.40219.1
Project("{FAE04EC0-301F-11D3-BF4B-00C04F79EFBC}") = "Model", "Model\Model.csproj", "{C517AE90-041A-403B-BE2E-D4EE69B79DEE}"
EndProject
Project("{FAE04EC0-301F-11D3-BF4B-00C04F79EFBC}") = "ViewModel", "ViewModel\ViewModel.csproj", "{40994729-BE1C-468D-A742-9F10FD46626B}"
EndProject
Global
	GlobalSection(SolutionConfigurationPlatforms) = preSolution
		Debug|Any CPU = Debug|Any CPU
		Release|Any CPU = Release|Any CPU
	EndGlobalSection
	GlobalSection(ProjectConfigurationPlatforms) = postSolution
		{C517AE90-041A-403B-BE2E-D4EE69B79DEE}.Debug|Any CPU.ActiveCfg = Debug|Any CPU
		{C517AE90-041A-403B-BE2E-D4EE69B79DEE}.Debug|Any CPU.Build.0 = Debug|Any CPU
		{C517AE90-041A-403B-BE2E-D4EE69B79DEE}.Release|Any CPU.ActiveCfg = Release|Any CPU
		{C517AE90-041A-403B-BE2E-D4EE69B79DEE}.Release|Any CPU.Build.0 = Release|Any CPU
		{40994729-BE1C-468D-A742-9F10FD46626B}.Debug|Any CPU.ActiveCfg = Debug|Any CPU
		{40994729-BE1C-468D-A742-9F10FD46626B}.Debug|Any CPU.Build.0 = Debug|Any CPU
		{40994729-BE1C-468D-A742-9F10FD46626B}.Release|Any CPU.ActiveCfg = Release|Any CPU
		{40994729-BE1C-468D-A742-9F10FD46626B}.Release|Any CPU.Build.0 = Release|Any CPU
	EndGlobalSection
	GlobalSection(SolutionProperties) = preSolution
		HideSolutionNode = FALSE
	EndGlobalSection
	GlobalSection(ExtensibilityGlobals) = postSolution
		SolutionGuid = {36D705CD-8850-4A04-836F-E1BB1C78CC40}
	EndGlobalSection
EndGlobal
